// !$*UTF8*$!
{
	archiveVersion = 1;
	classes = {
	};
	objectVersion = 55;
	objects = {

/* Begin PBXBuildFile section */
		00EE0E8D284046B1005786DC /* LautsprecherApp.swift in Sources */ = {isa = PBXBuildFile; fileRef = 00EE0E8C284046B1005786DC /* LautsprecherApp.swift */; };
		00EE0E91284046B2005786DC /* Assets.xcassets in Resources */ = {isa = PBXBuildFile; fileRef = 00EE0E90284046B2005786DC /* Assets.xcassets */; };
		00EE0E94284046B2005786DC /* Preview Assets.xcassets in Resources */ = {isa = PBXBuildFile; fileRef = 00EE0E93284046B2005786DC /* Preview Assets.xcassets */; };
		00EE0E9E28406152005786DC /* MusicAlbumsScreen.swift in Sources */ = {isa = PBXBuildFile; fileRef = 00EE0E9D28406152005786DC /* MusicAlbumsScreen.swift */; };
		00EE0EA128406213005786DC /* LTNetworking in Frameworks */ = {isa = PBXBuildFile; productRef = 00EE0EA028406213005786DC /* LTNetworking */; };
		00EE0EA3284067D0005786DC /* MusicAlbumsViewModel.swift in Sources */ = {isa = PBXBuildFile; fileRef = 00EE0EA2284067D0005786DC /* MusicAlbumsViewModel.swift */; };
		00EE0EA528406D66005786DC /* MusicAlbumsListView.swift in Sources */ = {isa = PBXBuildFile; fileRef = 00EE0EA428406D66005786DC /* MusicAlbumsListView.swift */; };
		00EE0EAB28407539005786DC /* MusicAlbum+extension.swift in Sources */ = {isa = PBXBuildFile; fileRef = 00EE0EAA28407539005786DC /* MusicAlbum+extension.swift */; };
		00EE0EAD284076B2005786DC /* View+extension.swift in Sources */ = {isa = PBXBuildFile; fileRef = 00EE0EAC284076B2005786DC /* View+extension.swift */; };
		00EE0EC0284078B3005786DC /* Localizable.strings in Resources */ = {isa = PBXBuildFile; fileRef = 00EE0EBD284078B3005786DC /* Localizable.strings */; };
		00EE0EC428407C60005786DC /* AlbumDetailView.swift in Sources */ = {isa = PBXBuildFile; fileRef = 00EE0EC328407C60005786DC /* AlbumDetailView.swift */; };
		00EE0EC728408C60005786DC /* ViewStateRepresenter.swift in Sources */ = {isa = PBXBuildFile; fileRef = 00EE0EC628408C60005786DC /* ViewStateRepresenter.swift */; };
		00EE0EC928408DB0005786DC /* ViewStateRepresenter+extension.swift in Sources */ = {isa = PBXBuildFile; fileRef = 00EE0EC828408DB0005786DC /* ViewStateRepresenter+extension.swift */; };
		00EE0ECB284093F2005786DC /* AlbumDetailViewModel.swift in Sources */ = {isa = PBXBuildFile; fileRef = 00EE0ECA284093F2005786DC /* AlbumDetailViewModel.swift */; };
/* End PBXBuildFile section */

/* Begin PBXFileReference section */
		00EE0E89284046B1005786DC /* Lautsprecher.app */ = {isa = PBXFileReference; explicitFileType = wrapper.application; includeInIndex = 0; path = Lautsprecher.app; sourceTree = BUILT_PRODUCTS_DIR; };
		00EE0E8C284046B1005786DC /* LautsprecherApp.swift */ = {isa = PBXFileReference; lastKnownFileType = sourcecode.swift; path = LautsprecherApp.swift; sourceTree = "<group>"; };
		00EE0E90284046B2005786DC /* Assets.xcassets */ = {isa = PBXFileReference; lastKnownFileType = folder.assetcatalog; path = Assets.xcassets; sourceTree = "<group>"; };
		00EE0E93284046B2005786DC /* Preview Assets.xcassets */ = {isa = PBXFileReference; lastKnownFileType = folder.assetcatalog; path = "Preview Assets.xcassets"; sourceTree = "<group>"; };
		00EE0E9C284047AE005786DC /* LTNetworking */ = {isa = PBXFileReference; lastKnownFileType = wrapper; name = LTNetworking; path = Packages/LTNetworking; sourceTree = "<group>"; };
		00EE0E9D28406152005786DC /* MusicAlbumsScreen.swift */ = {isa = PBXFileReference; lastKnownFileType = sourcecode.swift; path = MusicAlbumsScreen.swift; sourceTree = "<group>"; };
		00EE0EA2284067D0005786DC /* MusicAlbumsViewModel.swift */ = {isa = PBXFileReference; lastKnownFileType = sourcecode.swift; path = MusicAlbumsViewModel.swift; sourceTree = "<group>"; };
		00EE0EA428406D66005786DC /* MusicAlbumsListView.swift */ = {isa = PBXFileReference; lastKnownFileType = sourcecode.swift; path = MusicAlbumsListView.swift; sourceTree = "<group>"; };
		00EE0EAA28407539005786DC /* MusicAlbum+extension.swift */ = {isa = PBXFileReference; lastKnownFileType = sourcecode.swift; path = "MusicAlbum+extension.swift"; sourceTree = "<group>"; };
		00EE0EAC284076B2005786DC /* View+extension.swift */ = {isa = PBXFileReference; lastKnownFileType = sourcecode.swift; path = "View+extension.swift"; sourceTree = "<group>"; };
		00EE0EBE284078B3005786DC /* en */ = {isa = PBXFileReference; lastKnownFileType = text.plist.strings; name = en; path = en.lproj/Localizable.strings; sourceTree = "<group>"; };
		00EE0EBF284078B3005786DC /* Base */ = {isa = PBXFileReference; lastKnownFileType = text.plist.strings; name = Base; path = Base.lproj/Localizable.strings; sourceTree = "<group>"; };
		00EE0EC328407C60005786DC /* AlbumDetailView.swift */ = {isa = PBXFileReference; lastKnownFileType = sourcecode.swift; path = AlbumDetailView.swift; sourceTree = "<group>"; };
		00EE0EC628408C60005786DC /* ViewStateRepresenter.swift */ = {isa = PBXFileReference; lastKnownFileType = sourcecode.swift; path = ViewStateRepresenter.swift; sourceTree = "<group>"; };
		00EE0EC828408DB0005786DC /* ViewStateRepresenter+extension.swift */ = {isa = PBXFileReference; lastKnownFileType = sourcecode.swift; path = "ViewStateRepresenter+extension.swift"; sourceTree = "<group>"; };
		00EE0ECA284093F2005786DC /* AlbumDetailViewModel.swift */ = {isa = PBXFileReference; lastKnownFileType = sourcecode.swift; path = AlbumDetailViewModel.swift; sourceTree = "<group>"; };
/* End PBXFileReference section */

/* Begin PBXFrameworksBuildPhase section */
		00EE0E86284046B1005786DC /* Frameworks */ = {
			isa = PBXFrameworksBuildPhase;
			buildActionMask = 2147483647;
			files = (
				00EE0EA128406213005786DC /* LTNetworking in Frameworks */,
			);
			runOnlyForDeploymentPostprocessing = 0;
		};
/* End PBXFrameworksBuildPhase section */

/* Begin PBXGroup section */
		00EE0E80284046B1005786DC = {
			isa = PBXGroup;
			children = (
				00EE0E9A28404754005786DC /* Packages */,
				00EE0E8B284046B1005786DC /* Lautsprecher */,
				00EE0E8A284046B1005786DC /* Products */,
				00EE0E9F28406213005786DC /* Frameworks */,
			);
			sourceTree = "<group>";
		};
		00EE0E8A284046B1005786DC /* Products */ = {
			isa = PBXGroup;
			children = (
				00EE0E89284046B1005786DC /* Lautsprecher.app */,
			);
			name = Products;
			sourceTree = "<group>";
		};
		00EE0E8B284046B1005786DC /* Lautsprecher */ = {
			isa = PBXGroup;
			children = (
				00EE0EC528408C4B005786DC /* Protocols */,
				00EE0EAE28407848005786DC /* Resources */,
				00EE0EA82840751D005786DC /* Extensions */,
				00EE0E92284046B2005786DC /* Preview Content */,
				00EE0EC128407BD0005786DC /* MusicAlbums */,
				00EE0EC228407BF3005786DC /* AlbumDetail */,
				00EE0E8C284046B1005786DC /* LautsprecherApp.swift */,
				00EE0E90284046B2005786DC /* Assets.xcassets */,
			);
			path = Lautsprecher;
			sourceTree = "<group>";
		};
		00EE0E92284046B2005786DC /* Preview Content */ = {
			isa = PBXGroup;
			children = (
				00EE0E93284046B2005786DC /* Preview Assets.xcassets */,
			);
			path = "Preview Content";
			sourceTree = "<group>";
		};
		00EE0E9A28404754005786DC /* Packages */ = {
			isa = PBXGroup;
			children = (
				00EE0E9C284047AE005786DC /* LTNetworking */,
			);
			name = Packages;
			sourceTree = "<group>";
		};
		00EE0E9F28406213005786DC /* Frameworks */ = {
			isa = PBXGroup;
			children = (
			);
			name = Frameworks;
			sourceTree = "<group>";
		};
		00EE0EA82840751D005786DC /* Extensions */ = {
			isa = PBXGroup;
			children = (
				00EE0EAA28407539005786DC /* MusicAlbum+extension.swift */,
				00EE0EAC284076B2005786DC /* View+extension.swift */,
				00EE0EC828408DB0005786DC /* ViewStateRepresenter+extension.swift */,
			);
			path = Extensions;
			sourceTree = "<group>";
		};
		00EE0EAE28407848005786DC /* Resources */ = {
			isa = PBXGroup;
			children = (
				00EE0EBC284078B3005786DC /* Localization */,
			);
			path = Resources;
			sourceTree = "<group>";
		};
		00EE0EBC284078B3005786DC /* Localization */ = {
			isa = PBXGroup;
			children = (
				00EE0EBD284078B3005786DC /* Localizable.strings */,
			);
			path = Localization;
			sourceTree = "<group>";
		};
		00EE0EC128407BD0005786DC /* MusicAlbums */ = {
			isa = PBXGroup;
			children = (
				00EE0EA2284067D0005786DC /* MusicAlbumsViewModel.swift */,
				00EE0E9D28406152005786DC /* MusicAlbumsScreen.swift */,
				00EE0EA428406D66005786DC /* MusicAlbumsListView.swift */,
			);
			path = MusicAlbums;
			sourceTree = "<group>";
		};
		00EE0EC228407BF3005786DC /* AlbumDetail */ = {
			isa = PBXGroup;
			children = (
				00EE0EC328407C60005786DC /* AlbumDetailView.swift */,
				00EE0ECA284093F2005786DC /* AlbumDetailViewModel.swift */,
			);
			path = AlbumDetail;
			sourceTree = "<group>";
		};
		00EE0EC528408C4B005786DC /* Protocols */ = {
			isa = PBXGroup;
			children = (
				00EE0EC628408C60005786DC /* ViewStateRepresenter.swift */,
			);
			path = Protocols;
			sourceTree = "<group>";
		};
/* End PBXGroup section */

/* Begin PBXNativeTarget section */
		00EE0E88284046B1005786DC /* Lautsprecher */ = {
			isa = PBXNativeTarget;
			buildConfigurationList = 00EE0E97284046B2005786DC /* Build configuration list for PBXNativeTarget "Lautsprecher" */;
			buildPhases = (
				00EE0E85284046B1005786DC /* Sources */,
				00EE0E86284046B1005786DC /* Frameworks */,
				00EE0E87284046B1005786DC /* Resources */,
			);
			buildRules = (
			);
			dependencies = (
			);
			name = Lautsprecher;
			packageProductDependencies = (
				00EE0EA028406213005786DC /* LTNetworking */,
			);
			productName = Lautsprecher;
			productReference = 00EE0E89284046B1005786DC /* Lautsprecher.app */;
			productType = "com.apple.product-type.application";
		};
/* End PBXNativeTarget section */

/* Begin PBXProject section */
		00EE0E81284046B1005786DC /* Project object */ = {
			isa = PBXProject;
			attributes = {
				BuildIndependentTargetsInParallel = 1;
				LastSwiftUpdateCheck = 1340;
				LastUpgradeCheck = 1340;
				TargetAttributes = {
					00EE0E88284046B1005786DC = {
						CreatedOnToolsVersion = 13.4;
					};
				};
			};
			buildConfigurationList = 00EE0E84284046B1005786DC /* Build configuration list for PBXProject "Lautsprecher" */;
			compatibilityVersion = "Xcode 13.0";
			developmentRegion = en;
			hasScannedForEncodings = 0;
			knownRegions = (
				en,
				Base,
			);
			mainGroup = 00EE0E80284046B1005786DC;
			productRefGroup = 00EE0E8A284046B1005786DC /* Products */;
			projectDirPath = "";
			projectRoot = "";
			targets = (
				00EE0E88284046B1005786DC /* Lautsprecher */,
			);
		};
/* End PBXProject section */

/* Begin PBXResourcesBuildPhase section */
		00EE0E87284046B1005786DC /* Resources */ = {
			isa = PBXResourcesBuildPhase;
			buildActionMask = 2147483647;
			files = (
				00EE0E94284046B2005786DC /* Preview Assets.xcassets in Resources */,
				00EE0EC0284078B3005786DC /* Localizable.strings in Resources */,
				00EE0E91284046B2005786DC /* Assets.xcassets in Resources */,
			);
			runOnlyForDeploymentPostprocessing = 0;
		};
/* End PBXResourcesBuildPhase section */

/* Begin PBXSourcesBuildPhase section */
		00EE0E85284046B1005786DC /* Sources */ = {
			isa = PBXSourcesBuildPhase;
			buildActionMask = 2147483647;
			files = (
				00EE0EC728408C60005786DC /* ViewStateRepresenter.swift in Sources */,
				00EE0EAB28407539005786DC /* MusicAlbum+extension.swift in Sources */,
				00EE0E9E28406152005786DC /* MusicAlbumsScreen.swift in Sources */,
				00EE0EC928408DB0005786DC /* ViewStateRepresenter+extension.swift in Sources */,
				00EE0EAD284076B2005786DC /* View+extension.swift in Sources */,
				00EE0EA3284067D0005786DC /* MusicAlbumsViewModel.swift in Sources */,
				00EE0EA528406D66005786DC /* MusicAlbumsListView.swift in Sources */,
				00EE0EC428407C60005786DC /* AlbumDetailView.swift in Sources */,
				00EE0E8D284046B1005786DC /* LautsprecherApp.swift in Sources */,
				00EE0ECB284093F2005786DC /* AlbumDetailViewModel.swift in Sources */,
			);
			runOnlyForDeploymentPostprocessing = 0;
		};
/* End PBXSourcesBuildPhase section */

/* Begin PBXVariantGroup section */
		00EE0EBD284078B3005786DC /* Localizable.strings */ = {
			isa = PBXVariantGroup;
			children = (
				00EE0EBE284078B3005786DC /* en */,
				00EE0EBF284078B3005786DC /* Base */,
			);
			name = Localizable.strings;
			sourceTree = "<group>";
		};
/* End PBXVariantGroup section */

/* Begin XCBuildConfiguration section */
		00EE0E95284046B2005786DC /* Debug */ = {
			isa = XCBuildConfiguration;
			buildSettings = {
				ALWAYS_SEARCH_USER_PATHS = NO;
				CLANG_ANALYZER_NONNULL = YES;
				CLANG_ANALYZER_NUMBER_OBJECT_CONVERSION = YES_AGGRESSIVE;
				CLANG_CXX_LANGUAGE_STANDARD = "gnu++17";
				CLANG_ENABLE_MODULES = YES;
				CLANG_ENABLE_OBJC_ARC = YES;
				CLANG_ENABLE_OBJC_WEAK = YES;
				CLANG_WARN_BLOCK_CAPTURE_AUTORELEASING = YES;
				CLANG_WARN_BOOL_CONVERSION = YES;
				CLANG_WARN_COMMA = YES;
				CLANG_WARN_CONSTANT_CONVERSION = YES;
				CLANG_WARN_DEPRECATED_OBJC_IMPLEMENTATIONS = YES;
				CLANG_WARN_DIRECT_OBJC_ISA_USAGE = YES_ERROR;
				CLANG_WARN_DOCUMENTATION_COMMENTS = YES;
				CLANG_WARN_EMPTY_BODY = YES;
				CLANG_WARN_ENUM_CONVERSION = YES;
				CLANG_WARN_INFINITE_RECURSION = YES;
				CLANG_WARN_INT_CONVERSION = YES;
				CLANG_WARN_NON_LITERAL_NULL_CONVERSION = YES;
				CLANG_WARN_OBJC_IMPLICIT_RETAIN_SELF = YES;
				CLANG_WARN_OBJC_LITERAL_CONVERSION = YES;
				CLANG_WARN_OBJC_ROOT_CLASS = YES_ERROR;
				CLANG_WARN_QUOTED_INCLUDE_IN_FRAMEWORK_HEADER = YES;
				CLANG_WARN_RANGE_LOOP_ANALYSIS = YES;
				CLANG_WARN_STRICT_PROTOTYPES = YES;
				CLANG_WARN_SUSPICIOUS_MOVE = YES;
				CLANG_WARN_UNGUARDED_AVAILABILITY = YES_AGGRESSIVE;
				CLANG_WARN_UNREACHABLE_CODE = YES;
				CLANG_WARN__DUPLICATE_METHOD_MATCH = YES;
				COPY_PHASE_STRIP = NO;
				DEBUG_INFORMATION_FORMAT = dwarf;
				ENABLE_STRICT_OBJC_MSGSEND = YES;
				ENABLE_TESTABILITY = YES;
				GCC_C_LANGUAGE_STANDARD = gnu11;
				GCC_DYNAMIC_NO_PIC = NO;
				GCC_NO_COMMON_BLOCKS = YES;
				GCC_OPTIMIZATION_LEVEL = 0;
				GCC_PREPROCESSOR_DEFINITIONS = (
					"DEBUG=1",
					"$(inherited)",
				);
				GCC_WARN_64_TO_32_BIT_CONVERSION = YES;
				GCC_WARN_ABOUT_RETURN_TYPE = YES_ERROR;
				GCC_WARN_UNDECLARED_SELECTOR = YES;
				GCC_WARN_UNINITIALIZED_AUTOS = YES_AGGRESSIVE;
				GCC_WARN_UNUSED_FUNCTION = YES;
				GCC_WARN_UNUSED_VARIABLE = YES;
				IPHONEOS_DEPLOYMENT_TARGET = 15.5;
				MTL_ENABLE_DEBUG_INFO = INCLUDE_SOURCE;
				MTL_FAST_MATH = YES;
				ONLY_ACTIVE_ARCH = YES;
				SDKROOT = iphoneos;
				SWIFT_ACTIVE_COMPILATION_CONDITIONS = DEBUG;
				SWIFT_OPTIMIZATION_LEVEL = "-Onone";
			};
			name = Debug;
		};
		00EE0E96284046B2005786DC /* Release */ = {
			isa = XCBuildConfiguration;
			buildSettings = {
				ALWAYS_SEARCH_USER_PATHS = NO;
				CLANG_ANALYZER_NONNULL = YES;
				CLANG_ANALYZER_NUMBER_OBJECT_CONVERSION = YES_AGGRESSIVE;
				CLANG_CXX_LANGUAGE_STANDARD = "gnu++17";
				CLANG_ENABLE_MODULES = YES;
				CLANG_ENABLE_OBJC_ARC = YES;
				CLANG_ENABLE_OBJC_WEAK = YES;
				CLANG_WARN_BLOCK_CAPTURE_AUTORELEASING = YES;
				CLANG_WARN_BOOL_CONVERSION = YES;
				CLANG_WARN_COMMA = YES;
				CLANG_WARN_CONSTANT_CONVERSION = YES;
				CLANG_WARN_DEPRECATED_OBJC_IMPLEMENTATIONS = YES;
				CLANG_WARN_DIRECT_OBJC_ISA_USAGE = YES_ERROR;
				CLANG_WARN_DOCUMENTATION_COMMENTS = YES;
				CLANG_WARN_EMPTY_BODY = YES;
				CLANG_WARN_ENUM_CONVERSION = YES;
				CLANG_WARN_INFINITE_RECURSION = YES;
				CLANG_WARN_INT_CONVERSION = YES;
				CLANG_WARN_NON_LITERAL_NULL_CONVERSION = YES;
				CLANG_WARN_OBJC_IMPLICIT_RETAIN_SELF = YES;
				CLANG_WARN_OBJC_LITERAL_CONVERSION = YES;
				CLANG_WARN_OBJC_ROOT_CLASS = YES_ERROR;
				CLANG_WARN_QUOTED_INCLUDE_IN_FRAMEWORK_HEADER = YES;
				CLANG_WARN_RANGE_LOOP_ANALYSIS = YES;
				CLANG_WARN_STRICT_PROTOTYPES = YES;
				CLANG_WARN_SUSPICIOUS_MOVE = YES;
				CLANG_WARN_UNGUARDED_AVAILABILITY = YES_AGGRESSIVE;
				CLANG_WARN_UNREACHABLE_CODE = YES;
				CLANG_WARN__DUPLICATE_METHOD_MATCH = YES;
				COPY_PHASE_STRIP = NO;
				DEBUG_INFORMATION_FORMAT = "dwarf-with-dsym";
				ENABLE_NS_ASSERTIONS = NO;
				ENABLE_STRICT_OBJC_MSGSEND = YES;
				GCC_C_LANGUAGE_STANDARD = gnu11;
				GCC_NO_COMMON_BLOCKS = YES;
				GCC_WARN_64_TO_32_BIT_CONVERSION = YES;
				GCC_WARN_ABOUT_RETURN_TYPE = YES_ERROR;
				GCC_WARN_UNDECLARED_SELECTOR = YES;
				GCC_WARN_UNINITIALIZED_AUTOS = YES_AGGRESSIVE;
				GCC_WARN_UNUSED_FUNCTION = YES;
				GCC_WARN_UNUSED_VARIABLE = YES;
				IPHONEOS_DEPLOYMENT_TARGET = 15.5;
				MTL_ENABLE_DEBUG_INFO = NO;
				MTL_FAST_MATH = YES;
				SDKROOT = iphoneos;
				SWIFT_COMPILATION_MODE = wholemodule;
				SWIFT_OPTIMIZATION_LEVEL = "-O";
				VALIDATE_PRODUCT = YES;
			};
			name = Release;
		};
		00EE0E98284046B2005786DC /* Debug */ = {
			isa = XCBuildConfiguration;
			buildSettings = {
				ASSETCATALOG_COMPILER_APPICON_NAME = AppIcon;
				ASSETCATALOG_COMPILER_GLOBAL_ACCENT_COLOR_NAME = AccentColor;
				CODE_SIGN_STYLE = Automatic;
				CURRENT_PROJECT_VERSION = 1;
				DEVELOPMENT_ASSET_PATHS = "\"Lautsprecher/Preview Content\"";
				DEVELOPMENT_TEAM = TA7TSBJ7ZW;
				ENABLE_PREVIEWS = YES;
				GENERATE_INFOPLIST_FILE = YES;
				INFOPLIST_KEY_UIApplicationSceneManifest_Generation = YES;
				INFOPLIST_KEY_UIApplicationSupportsIndirectInputEvents = YES;
				INFOPLIST_KEY_UILaunchScreen_Generation = YES;
				INFOPLIST_KEY_UISupportedInterfaceOrientations_iPad = "UIInterfaceOrientationPortrait UIInterfaceOrientationPortraitUpsideDown UIInterfaceOrientationLandscapeLeft UIInterfaceOrientationLandscapeRight";
				INFOPLIST_KEY_UISupportedInterfaceOrientations_iPhone = "UIInterfaceOrientationPortrait UIInterfaceOrientationLandscapeLeft UIInterfaceOrientationLandscapeRight";
				LD_RUNPATH_SEARCH_PATHS = (
					"$(inherited)",
					"@executable_path/Frameworks",
				);
				MARKETING_VERSION = 1.0;
				PRODUCT_BUNDLE_IDENTIFIER = com.lautsprecher.Lautsprecher;
				PRODUCT_NAME = "$(TARGET_NAME)";
				SWIFT_EMIT_LOC_STRINGS = YES;
				SWIFT_VERSION = 5.0;
				TARGETED_DEVICE_FAMILY = "1,2";
			};
			name = Debug;
		};
		00EE0E99284046B2005786DC /* Release */ = {
			isa = XCBuildConfiguration;
			buildSettings = {
				ASSETCATALOG_COMPILER_APPICON_NAME = AppIcon;
				ASSETCATALOG_COMPILER_GLOBAL_ACCENT_COLOR_NAME = AccentColor;
				CODE_SIGN_STYLE = Automatic;
				CURRENT_PROJECT_VERSION = 1;
				DEVELOPMENT_ASSET_PATHS = "\"Lautsprecher/Preview Content\"";
				DEVELOPMENT_TEAM = TA7TSBJ7ZW;
				ENABLE_PREVIEWS = YES;
				GENERATE_INFOPLIST_FILE = YES;
				INFOPLIST_KEY_UIApplicationSceneManifest_Generation = YES;
				INFOPLIST_KEY_UIApplicationSupportsIndirectInputEvents = YES;
				INFOPLIST_KEY_UILaunchScreen_Generation = YES;
				INFOPLIST_KEY_UISupportedInterfaceOrientations_iPad = "UIInterfaceOrientationPortrait UIInterfaceOrientationPortraitUpsideDown UIInterfaceOrientationLandscapeLeft UIInterfaceOrientationLandscapeRight";
				INFOPLIST_KEY_UISupportedInterfaceOrientations_iPhone = "UIInterfaceOrientationPortrait UIInterfaceOrientationLandscapeLeft UIInterfaceOrientationLandscapeRight";
				LD_RUNPATH_SEARCH_PATHS = (
					"$(inherited)",
					"@executable_path/Frameworks",
				);
				MARKETING_VERSION = 1.0;
				PRODUCT_BUNDLE_IDENTIFIER = com.lautsprecher.Lautsprecher;
				PRODUCT_NAME = "$(TARGET_NAME)";
				SWIFT_EMIT_LOC_STRINGS = YES;
				SWIFT_VERSION = 5.0;
				TARGETED_DEVICE_FAMILY = "1,2";
			};
			name = Release;
		};
/* End XCBuildConfiguration section */

/* Begin XCConfigurationList section */
		00EE0E84284046B1005786DC /* Build configuration list for PBXProject "Lautsprecher" */ = {
			isa = XCConfigurationList;
			buildConfigurations = (
				00EE0E95284046B2005786DC /* Debug */,
				00EE0E96284046B2005786DC /* Release */,
			);
			defaultConfigurationIsVisible = 0;
			defaultConfigurationName = Release;
		};
		00EE0E97284046B2005786DC /* Build configuration list for PBXNativeTarget "Lautsprecher" */ = {
			isa = XCConfigurationList;
			buildConfigurations = (
				00EE0E98284046B2005786DC /* Debug */,
				00EE0E99284046B2005786DC /* Release */,
			);
			defaultConfigurationIsVisible = 0;
			defaultConfigurationName = Release;
		};
/* End XCConfigurationList section */

/* Begin XCSwiftPackageProductDependency section */
		00EE0EA028406213005786DC /* LTNetworking */ = {
			isa = XCSwiftPackageProductDependency;
			productName = LTNetworking;
		};
/* End XCSwiftPackageProductDependency section */
	};
	rootObject = 00EE0E81284046B1005786DC /* Project object */;
}
